
Microsoft Visual Studio Solution File, Format Version 12.00
# Visual Studio Version 17
VisualStudioVersion = 17.11.35222.181
MinimumVisualStudioVersion = 10.0.40219.1
Project("{FAE04EC0-301F-11D3-BF4B-00C04F79EFBC}") = "Homework 1", "Homework 1.csproj", "{3E20D614-F779-4525-A2C8-FF1B81E3F1A5}"
EndProject
Global
	GlobalSection(SolutionConfigurationPlatforms) = preSolution
		Debug|Any CPU = Debug|Any CPU
		Release|Any CPU = Release|Any CPU
	EndGlobalSection
	GlobalSection(ProjectConfigurationPlatforms) = postSolution
		{3E20D614-F779-4525-A2C8-FF1B81E3F1A5}.Debug|Any CPU.ActiveCfg = Debug|Any CPU
		{3E20D614-F779-4525-A2C8-FF1B81E3F1A5}.Debug|Any CPU.Build.0 = Debug|Any CPU
		{3E20D614-F779-4525-A2C8-FF1B81E3F1A5}.Release|Any CPU.ActiveCfg = Release|Any CPU
		{3E20D614-F779-4525-A2C8-FF1B81E3F1A5}.Release|Any CPU.Build.0 = Release|Any CPU
	EndGlobalSection
	GlobalSection(SolutionProperties) = preSolution
		HideSolutionNode = FALSE
	EndGlobalSection
	GlobalSection(ExtensibilityGlobals) = postSolution
		SolutionGuid = {A499FBD1-EB2A-43C1-A3B1-A912E47E1F5F}
	EndGlobalSection
EndGlobal
